
Microsoft Visual Studio Solution File, Format Version 12.00
# Visual Studio Version 16
VisualStudioVersion = 16.0.30804.86
MinimumVisualStudioVersion = 10.0.40219.1
Project("{8BC9CEB8-8B4A-11D0-8D11-00A0C91BC942}") = "Project1", "Project1.vcxproj", "{00AAE674-F545-4803-B3C1-23C6D63F9446}"
EndProject
Global
	GlobalSection(SolutionConfigurationPlatforms) = preSolution
		Debug|x64 = Debug|x64
		Debug|x86 = Debug|x86
		Release|x64 = Release|x64
		Release|x86 = Release|x86
	EndGlobalSection
	GlobalSection(ProjectConfigurationPlatforms) = postSolution
		{00AAE674-F545-4803-B3C1-23C6D63F9446}.Debug|x64.ActiveCfg = Debug|x64
		{00AAE674-F545-4803-B3C1-23C6D63F9446}.Debug|x64.Build.0 = Debug|x64
		{00AAE674-F545-4803-B3C1-23C6D63F9446}.Debug|x86.ActiveCfg = Debug|Win32
		{00AAE674-F545-4803-B3C1-23C6D63F9446}.Debug|x86.Build.0 = Debug|Win32
		{00AAE674-F545-4803-B3C1-23C6D63F9446}.Release|x64.ActiveCfg = Release|x64
		{00AAE674-F545-4803-B3C1-23C6D63F9446}.Release|x64.Build.0 = Release|x64
		{00AAE674-F545-4803-B3C1-23C6D63F9446}.Release|x86.ActiveCfg = Release|Win32
		{00AAE674-F545-4803-B3C1-23C6D63F9446}.Release|x86.Build.0 = Release|Win32
	EndGlobalSection
	GlobalSection(SolutionProperties) = preSolution
		HideSolutionNode = FALSE
	EndGlobalSection
	GlobalSection(ExtensibilityGlobals) = postSolution
		SolutionGuid = {9D39CC75-BDCB-44E4-B854-FEBC7542A175}
	EndGlobalSection
EndGlobal
